
Microsoft Visual Studio Solution File, Format Version 12.00
# Visual Studio Version 16
VisualStudioVersion = 16.0.29201.188
MinimumVisualStudioVersion = 10.0.40219.1
Project("{9A19103F-16F7-4668-BE54-9A1E7A4F7556}") = "[Main]", "[Main]\[Main].csproj", "{3539722D-F21A-4909-8513-1156D3462859}"
EndProject
Project("{9A19103F-16F7-4668-BE54-9A1E7A4F7556}") = "Tests", "Tests\Tests.csproj", "{F75E18C8-6A81-419A-A52C-B9C9592473B2}"
EndProject
Project("{9A19103F-16F7-4668-BE54-9A1E7A4F7556}") = "ReadMeGenerator", "ReadMeGenerator\ReadMeGenerator.csproj", "{27CA6604-D094-41C0-BCA9-8857C656E836}"
EndProject
Project("{FAE04EC0-301F-11D3-BF4B-00C04F79EFBC}") = "Tests.Compilation", "Tests.Compilation\Tests.Compilation.csproj", "{3BCEFC39-5A30-496D-94C7-914A47FD3BFF}"
EndProject
Global
	GlobalSection(SolutionConfigurationPlatforms) = preSolution
		Debug|Any CPU = Debug|Any CPU
		Debug|Mixed Platforms = Debug|Mixed Platforms
		Debug|x86 = Debug|x86
		Release|Any CPU = Release|Any CPU
		Release|Mixed Platforms = Release|Mixed Platforms
		Release|x86 = Release|x86
	EndGlobalSection
	GlobalSection(ProjectConfigurationPlatforms) = postSolution
		{3539722D-F21A-4909-8513-1156D3462859}.Debug|Any CPU.ActiveCfg = Debug|Any CPU
		{3539722D-F21A-4909-8513-1156D3462859}.Debug|Any CPU.Build.0 = Debug|Any CPU
		{3539722D-F21A-4909-8513-1156D3462859}.Debug|Mixed Platforms.ActiveCfg = Debug|Any CPU
		{3539722D-F21A-4909-8513-1156D3462859}.Debug|Mixed Platforms.Build.0 = Debug|Any CPU
		{3539722D-F21A-4909-8513-1156D3462859}.Debug|x86.ActiveCfg = Debug|Any CPU
		{3539722D-F21A-4909-8513-1156D3462859}.Debug|x86.Build.0 = Debug|Any CPU
		{3539722D-F21A-4909-8513-1156D3462859}.Release|Any CPU.ActiveCfg = Release|Any CPU
		{3539722D-F21A-4909-8513-1156D3462859}.Release|Any CPU.Build.0 = Release|Any CPU
		{3539722D-F21A-4909-8513-1156D3462859}.Release|Mixed Platforms.ActiveCfg = Release|Any CPU
		{3539722D-F21A-4909-8513-1156D3462859}.Release|Mixed Platforms.Build.0 = Release|Any CPU
		{3539722D-F21A-4909-8513-1156D3462859}.Release|x86.ActiveCfg = Release|Any CPU
		{3539722D-F21A-4909-8513-1156D3462859}.Release|x86.Build.0 = Release|Any CPU
		{F75E18C8-6A81-419A-A52C-B9C9592473B2}.Debug|Any CPU.ActiveCfg = Debug|Any CPU
		{F75E18C8-6A81-419A-A52C-B9C9592473B2}.Debug|Any CPU.Build.0 = Debug|Any CPU
		{F75E18C8-6A81-419A-A52C-B9C9592473B2}.Debug|Mixed Platforms.ActiveCfg = Debug|Any CPU
		{F75E18C8-6A81-419A-A52C-B9C9592473B2}.Debug|Mixed Platforms.Build.0 = Debug|Any CPU
		{F75E18C8-6A81-419A-A52C-B9C9592473B2}.Debug|x86.ActiveCfg = Debug|Any CPU
		{F75E18C8-6A81-419A-A52C-B9C9592473B2}.Debug|x86.Build.0 = Debug|Any CPU
		{F75E18C8-6A81-419A-A52C-B9C9592473B2}.Release|Any CPU.ActiveCfg = Release|Any CPU
		{F75E18C8-6A81-419A-A52C-B9C9592473B2}.Release|Any CPU.Build.0 = Release|Any CPU
		{F75E18C8-6A81-419A-A52C-B9C9592473B2}.Release|Mixed Platforms.ActiveCfg = Release|Any CPU
		{F75E18C8-6A81-419A-A52C-B9C9592473B2}.Release|Mixed Platforms.Build.0 = Release|Any CPU
		{F75E18C8-6A81-419A-A52C-B9C9592473B2}.Release|x86.ActiveCfg = Release|Any CPU
		{F75E18C8-6A81-419A-A52C-B9C9592473B2}.Release|x86.Build.0 = Release|Any CPU
		{27CA6604-D094-41C0-BCA9-8857C656E836}.Debug|Any CPU.ActiveCfg = Debug|Any CPU
		{27CA6604-D094-41C0-BCA9-8857C656E836}.Debug|Any CPU.Build.0 = Debug|Any CPU
		{27CA6604-D094-41C0-BCA9-8857C656E836}.Debug|Mixed Platforms.ActiveCfg = Debug|Any CPU
		{27CA6604-D094-41C0-BCA9-8857C656E836}.Debug|Mixed Platforms.Build.0 = Debug|Any CPU
		{27CA6604-D094-41C0-BCA9-8857C656E836}.Debug|x86.ActiveCfg = Debug|Any CPU
		{27CA6604-D094-41C0-BCA9-8857C656E836}.Debug|x86.Build.0 = Debug|Any CPU
		{27CA6604-D094-41C0-BCA9-8857C656E836}.Release|Any CPU.ActiveCfg = Release|Any CPU
		{27CA6604-D094-41C0-BCA9-8857C656E836}.Release|Any CPU.Build.0 = Release|Any CPU
		{27CA6604-D094-41C0-BCA9-8857C656E836}.Release|Mixed Platforms.ActiveCfg = Release|Any CPU
		{27CA6604-D094-41C0-BCA9-8857C656E836}.Release|Mixed Platforms.Build.0 = Release|Any CPU
		{27CA6604-D094-41C0-BCA9-8857C656E836}.Release|x86.ActiveCfg = Release|Any CPU
		{27CA6604-D094-41C0-BCA9-8857C656E836}.Release|x86.Build.0 = Release|Any CPU
		{3BCEFC39-5A30-496D-94C7-914A47FD3BFF}.Debug|Any CPU.ActiveCfg = Debug|Any CPU
		{3BCEFC39-5A30-496D-94C7-914A47FD3BFF}.Debug|Any CPU.Build.0 = Debug|Any CPU
		{3BCEFC39-5A30-496D-94C7-914A47FD3BFF}.Debug|Mixed Platforms.ActiveCfg = Debug|Any CPU
		{3BCEFC39-5A30-496D-94C7-914A47FD3BFF}.Debug|Mixed Platforms.Build.0 = Debug|Any CPU
		{3BCEFC39-5A30-496D-94C7-914A47FD3BFF}.Debug|x86.ActiveCfg = Debug|Any CPU
		{3BCEFC39-5A30-496D-94C7-914A47FD3BFF}.Debug|x86.Build.0 = Debug|Any CPU
		{3BCEFC39-5A30-496D-94C7-914A47FD3BFF}.Release|Any CPU.ActiveCfg = Release|Any CPU
		{3BCEFC39-5A30-496D-94C7-914A47FD3BFF}.Release|Any CPU.Build.0 = Release|Any CPU
		{3BCEFC39-5A30-496D-94C7-914A47FD3BFF}.Release|Mixed Platforms.ActiveCfg = Release|Any CPU
		{3BCEFC39-5A30-496D-94C7-914A47FD3BFF}.Release|Mixed Platforms.Build.0 = Release|Any CPU
		{3BCEFC39-5A30-496D-94C7-914A47FD3BFF}.Release|x86.ActiveCfg = Release|Any CPU
		{3BCEFC39-5A30-496D-94C7-914A47FD3BFF}.Release|x86.Build.0 = Release|Any CPU
	EndGlobalSection
	GlobalSection(SolutionProperties) = preSolution
		HideSolutionNode = FALSE
	EndGlobalSection
	GlobalSection(ExtensibilityGlobals) = postSolution
		SolutionGuid = {90E81F81-0072-4454-8A38-73E975048C6E}
	EndGlobalSection
EndGlobal
