
Microsoft Visual Studio Solution File, Format Version 12.00
# Visual Studio 14
VisualStudioVersion = 14.0.25420.1
MinimumVisualStudioVersion = 10.0.40219.1
Project("{8BB2217D-0F2D-49D1-97BC-3654ED321F3B}") = "[Main]", "[Main]\[Main].xproj", "{3539722D-F21A-4909-8513-1156D3462859}"
EndProject
Project("{8BB2217D-0F2D-49D1-97BC-3654ED321F3B}") = "Tests", "Tests\Tests.xproj", "{F75E18C8-6A81-419A-A52C-B9C9592473B2}"
EndProject
Project("{8BB2217D-0F2D-49D1-97BC-3654ED321F3B}") = "ReadMeGenerator", "ReadMeGenerator\ReadMeGenerator.xproj", "{27CA6604-D094-41C0-BCA9-8857C656E836}"
EndProject
Global
	GlobalSection(SolutionConfigurationPlatforms) = preSolution
		Debug|Any CPU = Debug|Any CPU
		Debug|Mixed Platforms = Debug|Mixed Platforms
		Debug|x86 = Debug|x86
		Release|Any CPU = Release|Any CPU
		Release|Mixed Platforms = Release|Mixed Platforms
		Release|x86 = Release|x86
	EndGlobalSection
	GlobalSection(ProjectConfigurationPlatforms) = postSolution
		{3539722D-F21A-4909-8513-1156D3462859}.Debug|Any CPU.ActiveCfg = Debug|Any CPU
		{3539722D-F21A-4909-8513-1156D3462859}.Debug|Any CPU.Build.0 = Debug|Any CPU
		{3539722D-F21A-4909-8513-1156D3462859}.Debug|Mixed Platforms.ActiveCfg = Debug|Any CPU
		{3539722D-F21A-4909-8513-1156D3462859}.Debug|Mixed Platforms.Build.0 = Debug|Any CPU
		{3539722D-F21A-4909-8513-1156D3462859}.Debug|x86.ActiveCfg = Debug|Any CPU
		{3539722D-F21A-4909-8513-1156D3462859}.Debug|x86.Build.0 = Debug|Any CPU
		{3539722D-F21A-4909-8513-1156D3462859}.Release|Any CPU.ActiveCfg = Release|Any CPU
		{3539722D-F21A-4909-8513-1156D3462859}.Release|Any CPU.Build.0 = Release|Any CPU
		{3539722D-F21A-4909-8513-1156D3462859}.Release|Mixed Platforms.ActiveCfg = Release|Any CPU
		{3539722D-F21A-4909-8513-1156D3462859}.Release|Mixed Platforms.Build.0 = Release|Any CPU
		{3539722D-F21A-4909-8513-1156D3462859}.Release|x86.ActiveCfg = Release|Any CPU
		{3539722D-F21A-4909-8513-1156D3462859}.Release|x86.Build.0 = Release|Any CPU
		{F75E18C8-6A81-419A-A52C-B9C9592473B2}.Debug|Any CPU.ActiveCfg = Debug|Any CPU
		{F75E18C8-6A81-419A-A52C-B9C9592473B2}.Debug|Any CPU.Build.0 = Debug|Any CPU
		{F75E18C8-6A81-419A-A52C-B9C9592473B2}.Debug|Mixed Platforms.ActiveCfg = Debug|Any CPU
		{F75E18C8-6A81-419A-A52C-B9C9592473B2}.Debug|Mixed Platforms.Build.0 = Debug|Any CPU
		{F75E18C8-6A81-419A-A52C-B9C9592473B2}.Debug|x86.ActiveCfg = Debug|Any CPU
		{F75E18C8-6A81-419A-A52C-B9C9592473B2}.Debug|x86.Build.0 = Debug|Any CPU
		{F75E18C8-6A81-419A-A52C-B9C9592473B2}.Release|Any CPU.ActiveCfg = Release|Any CPU
		{F75E18C8-6A81-419A-A52C-B9C9592473B2}.Release|Any CPU.Build.0 = Release|Any CPU
		{F75E18C8-6A81-419A-A52C-B9C9592473B2}.Release|Mixed Platforms.ActiveCfg = Release|Any CPU
		{F75E18C8-6A81-419A-A52C-B9C9592473B2}.Release|Mixed Platforms.Build.0 = Release|Any CPU
		{F75E18C8-6A81-419A-A52C-B9C9592473B2}.Release|x86.ActiveCfg = Release|Any CPU
		{F75E18C8-6A81-419A-A52C-B9C9592473B2}.Release|x86.Build.0 = Release|Any CPU
		{27CA6604-D094-41C0-BCA9-8857C656E836}.Debug|Any CPU.ActiveCfg = Debug|Any CPU
		{27CA6604-D094-41C0-BCA9-8857C656E836}.Debug|Any CPU.Build.0 = Debug|Any CPU
		{27CA6604-D094-41C0-BCA9-8857C656E836}.Debug|Mixed Platforms.ActiveCfg = Debug|Any CPU
		{27CA6604-D094-41C0-BCA9-8857C656E836}.Debug|Mixed Platforms.Build.0 = Debug|Any CPU
		{27CA6604-D094-41C0-BCA9-8857C656E836}.Debug|x86.ActiveCfg = Debug|Any CPU
		{27CA6604-D094-41C0-BCA9-8857C656E836}.Debug|x86.Build.0 = Debug|Any CPU
		{27CA6604-D094-41C0-BCA9-8857C656E836}.Release|Any CPU.ActiveCfg = Release|Any CPU
		{27CA6604-D094-41C0-BCA9-8857C656E836}.Release|Any CPU.Build.0 = Release|Any CPU
		{27CA6604-D094-41C0-BCA9-8857C656E836}.Release|Mixed Platforms.ActiveCfg = Release|Any CPU
		{27CA6604-D094-41C0-BCA9-8857C656E836}.Release|Mixed Platforms.Build.0 = Release|Any CPU
		{27CA6604-D094-41C0-BCA9-8857C656E836}.Release|x86.ActiveCfg = Release|Any CPU
		{27CA6604-D094-41C0-BCA9-8857C656E836}.Release|x86.Build.0 = Release|Any CPU
	EndGlobalSection
	GlobalSection(SolutionProperties) = preSolution
		HideSolutionNode = FALSE
	EndGlobalSection
EndGlobal
