
Microsoft Visual Studio Solution File, Format Version 10.00
# Visual Studio 2008
Project("{FAE04EC0-301F-11D3-BF4B-00C04F79EFBC}") = "AshMind.Extensions", "AshMind.Extensions\AshMind.Extensions.csproj", "{E80F9D47-F969-45F2-BF1F-BCD39BD698D2}"
EndProject
Global
	GlobalSection(SolutionConfigurationPlatforms) = preSolution
		Debug|Any CPU = Debug|Any CPU
		Release|Any CPU = Release|Any CPU
	EndGlobalSection
	GlobalSection(ProjectConfigurationPlatforms) = postSolution
		{E80F9D47-F969-45F2-BF1F-BCD39BD698D2}.Debug|Any CPU.ActiveCfg = Debug|Any CPU
		{E80F9D47-F969-45F2-BF1F-BCD39BD698D2}.Debug|Any CPU.Build.0 = Debug|Any CPU
		{E80F9D47-F969-45F2-BF1F-BCD39BD698D2}.Release|Any CPU.ActiveCfg = Release|Any CPU
		{E80F9D47-F969-45F2-BF1F-BCD39BD698D2}.Release|Any CPU.Build.0 = Release|Any CPU
	EndGlobalSection
	GlobalSection(SolutionProperties) = preSolution
		HideSolutionNode = FALSE
	EndGlobalSection
EndGlobal
